// !$*UTF8*$!
{
	archiveVersion = 1;
	classes = {
	};
	objectVersion = 56;
	objects = {

/* Begin PBXBuildFile section */
		298CAC7C2A54781F00BCC2A7 /* Ext+Double.swift in Sources */ = {isa = PBXBuildFile; fileRef = 298CAC7B2A54781F00BCC2A7 /* Ext+Double.swift */; };
		298CAC802A54861B00BCC2A7 /* PersistenceManager.swift in Sources */ = {isa = PBXBuildFile; fileRef = 298CAC7F2A54861B00BCC2A7 /* PersistenceManager.swift */; };
		298CAC832A54A62300BCC2A7 /* ThreeHourForecastView.swift in Sources */ = {isa = PBXBuildFile; fileRef = 298CAC822A54A62300BCC2A7 /* ThreeHourForecastView.swift */; };
		298CAC872A54B53A00BCC2A7 /* FiveDayWeather.swift in Sources */ = {isa = PBXBuildFile; fileRef = 298CAC862A54B53A00BCC2A7 /* FiveDayWeather.swift */; };
		298CAC8A2A54BA0300BCC2A7 /* ThreeHourForecastTableViewCell.swift in Sources */ = {isa = PBXBuildFile; fileRef = 298CAC892A54BA0300BCC2A7 /* ThreeHourForecastTableViewCell.swift */; };
		298CAC8C2A54C2E800BCC2A7 /* ThreeHourForecast.swift in Sources */ = {isa = PBXBuildFile; fileRef = 298CAC8B2A54C2E800BCC2A7 /* ThreeHourForecast.swift */; };
		29E61F932A531D90002402E9 /* AppDelegate.swift in Sources */ = {isa = PBXBuildFile; fileRef = 29E61F922A531D90002402E9 /* AppDelegate.swift */; };
		29E61F952A531D90002402E9 /* SceneDelegate.swift in Sources */ = {isa = PBXBuildFile; fileRef = 29E61F942A531D90002402E9 /* SceneDelegate.swift */; };
		29E61F972A531D90002402E9 /* WeatherViewController.swift in Sources */ = {isa = PBXBuildFile; fileRef = 29E61F962A531D90002402E9 /* WeatherViewController.swift */; };
		29E61F9A2A531D90002402E9 /* Main.storyboard in Resources */ = {isa = PBXBuildFile; fileRef = 29E61F982A531D90002402E9 /* Main.storyboard */; };
		29E61F9C2A531D91002402E9 /* Assets.xcassets in Resources */ = {isa = PBXBuildFile; fileRef = 29E61F9B2A531D91002402E9 /* Assets.xcassets */; };
		29E61F9F2A531D91002402E9 /* LaunchScreen.storyboard in Resources */ = {isa = PBXBuildFile; fileRef = 29E61F9D2A531D91002402E9 /* LaunchScreen.storyboard */; };
		29E61FAA2A532155002402E9 /* NetworkService.swift in Sources */ = {isa = PBXBuildFile; fileRef = 29E61FA92A532155002402E9 /* NetworkService.swift */; };
		29E61FAD2A53221F002402E9 /* Constants.swift in Sources */ = {isa = PBXBuildFile; fileRef = 29E61FAC2A53221F002402E9 /* Constants.swift */; };
		29E61FB12A53227F002402E9 /* Weather.swift in Sources */ = {isa = PBXBuildFile; fileRef = 29E61FB02A53227F002402E9 /* Weather.swift */; };
		29E61FB32A535370002402E9 /* WeatherError.swift in Sources */ = {isa = PBXBuildFile; fileRef = 29E61FB22A535370002402E9 /* WeatherError.swift */; };
		29E61FB52A5355D2002402E9 /* CityForecast.swift in Sources */ = {isa = PBXBuildFile; fileRef = 29E61FB42A5355D2002402E9 /* CityForecast.swift */; };
		29FC99D32A559D840059144A /* Ext+Int.swift in Sources */ = {isa = PBXBuildFile; fileRef = 29FC99D22A559D840059144A /* Ext+Int.swift */; };
		29FC99D82A55A9260059144A /* WeatherViewModel.swift in Sources */ = {isa = PBXBuildFile; fileRef = 29FC99D72A55A9260059144A /* WeatherViewModel.swift */; };
		29FC99DA2A55DDD20059144A /* Ext+String.swift in Sources */ = {isa = PBXBuildFile; fileRef = 29FC99D92A55DDD20059144A /* Ext+String.swift */; };
/* End PBXBuildFile section */

/* Begin PBXFileReference section */
		298CAC7B2A54781F00BCC2A7 /* Ext+Double.swift */ = {isa = PBXFileReference; lastKnownFileType = sourcecode.swift; path = "Ext+Double.swift"; sourceTree = "<group>"; };
		298CAC7F2A54861B00BCC2A7 /* PersistenceManager.swift */ = {isa = PBXFileReference; lastKnownFileType = sourcecode.swift; path = PersistenceManager.swift; sourceTree = "<group>"; };
		298CAC822A54A62300BCC2A7 /* ThreeHourForecastView.swift */ = {isa = PBXFileReference; lastKnownFileType = sourcecode.swift; path = ThreeHourForecastView.swift; sourceTree = "<group>"; };
		298CAC862A54B53A00BCC2A7 /* FiveDayWeather.swift */ = {isa = PBXFileReference; lastKnownFileType = sourcecode.swift; path = FiveDayWeather.swift; sourceTree = "<group>"; };
		298CAC892A54BA0300BCC2A7 /* ThreeHourForecastTableViewCell.swift */ = {isa = PBXFileReference; lastKnownFileType = sourcecode.swift; path = ThreeHourForecastTableViewCell.swift; sourceTree = "<group>"; };
		298CAC8B2A54C2E800BCC2A7 /* ThreeHourForecast.swift */ = {isa = PBXFileReference; lastKnownFileType = sourcecode.swift; path = ThreeHourForecast.swift; sourceTree = "<group>"; };
		29E61F8F2A531D90002402E9 /* WeatherCodingChallenge.app */ = {isa = PBXFileReference; explicitFileType = wrapper.application; includeInIndex = 0; path = WeatherCodingChallenge.app; sourceTree = BUILT_PRODUCTS_DIR; };
		29E61F922A531D90002402E9 /* AppDelegate.swift */ = {isa = PBXFileReference; lastKnownFileType = sourcecode.swift; path = AppDelegate.swift; sourceTree = "<group>"; };
		29E61F942A531D90002402E9 /* SceneDelegate.swift */ = {isa = PBXFileReference; lastKnownFileType = sourcecode.swift; path = SceneDelegate.swift; sourceTree = "<group>"; };
		29E61F962A531D90002402E9 /* WeatherViewController.swift */ = {isa = PBXFileReference; lastKnownFileType = sourcecode.swift; path = WeatherViewController.swift; sourceTree = "<group>"; };
		29E61F992A531D90002402E9 /* Base */ = {isa = PBXFileReference; lastKnownFileType = file.storyboard; name = Base; path = Base.lproj/Main.storyboard; sourceTree = "<group>"; };
		29E61F9B2A531D91002402E9 /* Assets.xcassets */ = {isa = PBXFileReference; lastKnownFileType = folder.assetcatalog; path = Assets.xcassets; sourceTree = "<group>"; };
		29E61F9E2A531D91002402E9 /* Base */ = {isa = PBXFileReference; lastKnownFileType = file.storyboard; name = Base; path = Base.lproj/LaunchScreen.storyboard; sourceTree = "<group>"; };
		29E61FA02A531D91002402E9 /* Info.plist */ = {isa = PBXFileReference; lastKnownFileType = text.plist.xml; path = Info.plist; sourceTree = "<group>"; };
		29E61FA92A532155002402E9 /* NetworkService.swift */ = {isa = PBXFileReference; lastKnownFileType = sourcecode.swift; path = NetworkService.swift; sourceTree = "<group>"; };
		29E61FAC2A53221F002402E9 /* Constants.swift */ = {isa = PBXFileReference; lastKnownFileType = sourcecode.swift; path = Constants.swift; sourceTree = "<group>"; };
		29E61FB02A53227F002402E9 /* Weather.swift */ = {isa = PBXFileReference; lastKnownFileType = sourcecode.swift; path = Weather.swift; sourceTree = "<group>"; };
		29E61FB22A535370002402E9 /* WeatherError.swift */ = {isa = PBXFileReference; lastKnownFileType = sourcecode.swift; path = WeatherError.swift; sourceTree = "<group>"; };
		29E61FB42A5355D2002402E9 /* CityForecast.swift */ = {isa = PBXFileReference; lastKnownFileType = sourcecode.swift; path = CityForecast.swift; sourceTree = "<group>"; };
		29FC99D22A559D840059144A /* Ext+Int.swift */ = {isa = PBXFileReference; lastKnownFileType = sourcecode.swift; path = "Ext+Int.swift"; sourceTree = "<group>"; };
		29FC99D72A55A9260059144A /* WeatherViewModel.swift */ = {isa = PBXFileReference; lastKnownFileType = sourcecode.swift; path = WeatherViewModel.swift; sourceTree = "<group>"; };
		29FC99D92A55DDD20059144A /* Ext+String.swift */ = {isa = PBXFileReference; lastKnownFileType = sourcecode.swift; path = "Ext+String.swift"; sourceTree = "<group>"; };
/* End PBXFileReference section */

/* Begin PBXFrameworksBuildPhase section */
		29E61F8C2A531D90002402E9 /* Frameworks */ = {
			isa = PBXFrameworksBuildPhase;
			buildActionMask = 2147483647;
			files = (
			);
			runOnlyForDeploymentPostprocessing = 0;
		};
/* End PBXFrameworksBuildPhase section */

/* Begin PBXGroup section */
		298CAC7A2A54781000BCC2A7 /* Extensions */ = {
			isa = PBXGroup;
			children = (
				298CAC7B2A54781F00BCC2A7 /* Ext+Double.swift */,
				29FC99D22A559D840059144A /* Ext+Int.swift */,
				29FC99D92A55DDD20059144A /* Ext+String.swift */,
			);
			path = Extensions;
			sourceTree = "<group>";
		};
		298CAC882A54B9E800BCC2A7 /* Cells */ = {
			isa = PBXGroup;
			children = (
				298CAC892A54BA0300BCC2A7 /* ThreeHourForecastTableViewCell.swift */,
				298CAC822A54A62300BCC2A7 /* ThreeHourForecastView.swift */,
			);
			path = Cells;
			sourceTree = "<group>";
		};
		29E61F862A531D90002402E9 = {
			isa = PBXGroup;
			children = (
				29E61F912A531D90002402E9 /* WeatherCodingChallenge */,
				29E61F902A531D90002402E9 /* Products */,
			);
			sourceTree = "<group>";
		};
		29E61F902A531D90002402E9 /* Products */ = {
			isa = PBXGroup;
			children = (
				29E61F8F2A531D90002402E9 /* WeatherCodingChallenge.app */,
			);
			name = Products;
			sourceTree = "<group>";
		};
		29E61F912A531D90002402E9 /* WeatherCodingChallenge */ = {
			isa = PBXGroup;
			children = (
				29E61FAF2A532266002402E9 /* Model */,
				29E61FAE2A53223F002402E9 /* Views */,
				29E61FA82A532128002402E9 /* Services */,
				29E61FA62A53202D002402E9 /* Storyboards */,
				298CAC7A2A54781000BCC2A7 /* Extensions */,
				29E61FAB2A53220F002402E9 /* Utilities */,
				29E61FA72A53203E002402E9 /* Supporting Files */,
			);
			path = WeatherCodingChallenge;
			sourceTree = "<group>";
		};
		29E61FA62A53202D002402E9 /* Storyboards */ = {
			isa = PBXGroup;
			children = (
				29E61F982A531D90002402E9 /* Main.storyboard */,
				29E61F9D2A531D91002402E9 /* LaunchScreen.storyboard */,
			);
			path = Storyboards;
			sourceTree = "<group>";
		};
		29E61FA72A53203E002402E9 /* Supporting Files */ = {
			isa = PBXGroup;
			children = (
				29E61F922A531D90002402E9 /* AppDelegate.swift */,
				29E61F942A531D90002402E9 /* SceneDelegate.swift */,
				29E61F9B2A531D91002402E9 /* Assets.xcassets */,
				29E61FA02A531D91002402E9 /* Info.plist */,
			);
			path = "Supporting Files";
			sourceTree = "<group>";
		};
		29E61FA82A532128002402E9 /* Services */ = {
			isa = PBXGroup;
			children = (
				29E61FA92A532155002402E9 /* NetworkService.swift */,
				298CAC7F2A54861B00BCC2A7 /* PersistenceManager.swift */,
			);
			path = Services;
			sourceTree = "<group>";
		};
		29E61FAB2A53220F002402E9 /* Utilities */ = {
			isa = PBXGroup;
			children = (
				29E61FAC2A53221F002402E9 /* Constants.swift */,
				29E61FB22A535370002402E9 /* WeatherError.swift */,
			);
			path = Utilities;
			sourceTree = "<group>";
		};
		29E61FAE2A53223F002402E9 /* Views */ = {
			isa = PBXGroup;
			children = (
				29E61F962A531D90002402E9 /* WeatherViewController.swift */,
				29FC99D72A55A9260059144A /* WeatherViewModel.swift */,
				298CAC882A54B9E800BCC2A7 /* Cells */,
			);
			path = Views;
			sourceTree = "<group>";
		};
		29E61FAF2A532266002402E9 /* Model */ = {
			isa = PBXGroup;
			children = (
				29E61FB02A53227F002402E9 /* Weather.swift */,
				29E61FB42A5355D2002402E9 /* CityForecast.swift */,
				298CAC862A54B53A00BCC2A7 /* FiveDayWeather.swift */,
				298CAC8B2A54C2E800BCC2A7 /* ThreeHourForecast.swift */,
			);
			path = Model;
			sourceTree = "<group>";
		};
/* End PBXGroup section */

/* Begin PBXNativeTarget section */
		29E61F8E2A531D90002402E9 /* WeatherCodingChallenge */ = {
			isa = PBXNativeTarget;
			buildConfigurationList = 29E61FA32A531D91002402E9 /* Build configuration list for PBXNativeTarget "WeatherCodingChallenge" */;
			buildPhases = (
				29E61F8B2A531D90002402E9 /* Sources */,
				29E61F8C2A531D90002402E9 /* Frameworks */,
				29E61F8D2A531D90002402E9 /* Resources */,
			);
			buildRules = (
			);
			dependencies = (
			);
			name = WeatherCodingChallenge;
			productName = WeatherCodingChallenge;
			productReference = 29E61F8F2A531D90002402E9 /* WeatherCodingChallenge.app */;
			productType = "com.apple.product-type.application";
		};
/* End PBXNativeTarget section */

/* Begin PBXProject section */
		29E61F872A531D90002402E9 /* Project object */ = {
			isa = PBXProject;
			attributes = {
				BuildIndependentTargetsInParallel = 1;
				LastSwiftUpdateCheck = 1430;
				LastUpgradeCheck = 1430;
				TargetAttributes = {
					29E61F8E2A531D90002402E9 = {
						CreatedOnToolsVersion = 14.3.1;
					};
				};
			};
			buildConfigurationList = 29E61F8A2A531D90002402E9 /* Build configuration list for PBXProject "WeatherCodingChallenge" */;
			compatibilityVersion = "Xcode 14.0";
			developmentRegion = en;
			hasScannedForEncodings = 0;
			knownRegions = (
				en,
				Base,
			);
			mainGroup = 29E61F862A531D90002402E9;
			productRefGroup = 29E61F902A531D90002402E9 /* Products */;
			projectDirPath = "";
			projectRoot = "";
			targets = (
				29E61F8E2A531D90002402E9 /* WeatherCodingChallenge */,
			);
		};
/* End PBXProject section */

/* Begin PBXResourcesBuildPhase section */
		29E61F8D2A531D90002402E9 /* Resources */ = {
			isa = PBXResourcesBuildPhase;
			buildActionMask = 2147483647;
			files = (
				29E61F9F2A531D91002402E9 /* LaunchScreen.storyboard in Resources */,
				29E61F9C2A531D91002402E9 /* Assets.xcassets in Resources */,
				29E61F9A2A531D90002402E9 /* Main.storyboard in Resources */,
			);
			runOnlyForDeploymentPostprocessing = 0;
		};
/* End PBXResourcesBuildPhase section */

/* Begin PBXSourcesBuildPhase section */
		29E61F8B2A531D90002402E9 /* Sources */ = {
			isa = PBXSourcesBuildPhase;
			buildActionMask = 2147483647;
			files = (
				29E61FAD2A53221F002402E9 /* Constants.swift in Sources */,
				298CAC832A54A62300BCC2A7 /* ThreeHourForecastView.swift in Sources */,
				29E61F972A531D90002402E9 /* WeatherViewController.swift in Sources */,
				29E61F932A531D90002402E9 /* AppDelegate.swift in Sources */,
				29FC99D32A559D840059144A /* Ext+Int.swift in Sources */,
				298CAC802A54861B00BCC2A7 /* PersistenceManager.swift in Sources */,
				298CAC8A2A54BA0300BCC2A7 /* ThreeHourForecastTableViewCell.swift in Sources */,
				29E61FAA2A532155002402E9 /* NetworkService.swift in Sources */,
				298CAC7C2A54781F00BCC2A7 /* Ext+Double.swift in Sources */,
				29E61FB12A53227F002402E9 /* Weather.swift in Sources */,
				29FC99DA2A55DDD20059144A /* Ext+String.swift in Sources */,
				29FC99D82A55A9260059144A /* WeatherViewModel.swift in Sources */,
				298CAC872A54B53A00BCC2A7 /* FiveDayWeather.swift in Sources */,
				298CAC8C2A54C2E800BCC2A7 /* ThreeHourForecast.swift in Sources */,
				29E61FB52A5355D2002402E9 /* CityForecast.swift in Sources */,
				29E61F952A531D90002402E9 /* SceneDelegate.swift in Sources */,
				29E61FB32A535370002402E9 /* WeatherError.swift in Sources */,
			);
			runOnlyForDeploymentPostprocessing = 0;
		};
/* End PBXSourcesBuildPhase section */

/* Begin PBXVariantGroup section */
		29E61F982A531D90002402E9 /* Main.storyboard */ = {
			isa = PBXVariantGroup;
			children = (
				29E61F992A531D90002402E9 /* Base */,
			);
			name = Main.storyboard;
			sourceTree = "<group>";
		};
		29E61F9D2A531D91002402E9 /* LaunchScreen.storyboard */ = {
			isa = PBXVariantGroup;
			children = (
				29E61F9E2A531D91002402E9 /* Base */,
			);
			name = LaunchScreen.storyboard;
			sourceTree = "<group>";
		};
/* End PBXVariantGroup section */

/* Begin XCBuildConfiguration section */
		29E61FA12A531D91002402E9 /* Debug */ = {
			isa = XCBuildConfiguration;
			buildSettings = {
				ALWAYS_SEARCH_USER_PATHS = NO;
				CLANG_ANALYZER_NONNULL = YES;
				CLANG_ANALYZER_NUMBER_OBJECT_CONVERSION = YES_AGGRESSIVE;
				CLANG_CXX_LANGUAGE_STANDARD = "gnu++20";
				CLANG_ENABLE_MODULES = YES;
				CLANG_ENABLE_OBJC_ARC = YES;
				CLANG_ENABLE_OBJC_WEAK = YES;
				CLANG_WARN_BLOCK_CAPTURE_AUTORELEASING = YES;
				CLANG_WARN_BOOL_CONVERSION = YES;
				CLANG_WARN_COMMA = YES;
				CLANG_WARN_CONSTANT_CONVERSION = YES;
				CLANG_WARN_DEPRECATED_OBJC_IMPLEMENTATIONS = YES;
				CLANG_WARN_DIRECT_OBJC_ISA_USAGE = YES_ERROR;
				CLANG_WARN_DOCUMENTATION_COMMENTS = YES;
				CLANG_WARN_EMPTY_BODY = YES;
				CLANG_WARN_ENUM_CONVERSION = YES;
				CLANG_WARN_INFINITE_RECURSION = YES;
				CLANG_WARN_INT_CONVERSION = YES;
				CLANG_WARN_NON_LITERAL_NULL_CONVERSION = YES;
				CLANG_WARN_OBJC_IMPLICIT_RETAIN_SELF = YES;
				CLANG_WARN_OBJC_LITERAL_CONVERSION = YES;
				CLANG_WARN_OBJC_ROOT_CLASS = YES_ERROR;
				CLANG_WARN_QUOTED_INCLUDE_IN_FRAMEWORK_HEADER = YES;
				CLANG_WARN_RANGE_LOOP_ANALYSIS = YES;
				CLANG_WARN_STRICT_PROTOTYPES = YES;
				CLANG_WARN_SUSPICIOUS_MOVE = YES;
				CLANG_WARN_UNGUARDED_AVAILABILITY = YES_AGGRESSIVE;
				CLANG_WARN_UNREACHABLE_CODE = YES;
				CLANG_WARN__DUPLICATE_METHOD_MATCH = YES;
				COPY_PHASE_STRIP = NO;
				DEBUG_INFORMATION_FORMAT = dwarf;
				ENABLE_STRICT_OBJC_MSGSEND = YES;
				ENABLE_TESTABILITY = YES;
				GCC_C_LANGUAGE_STANDARD = gnu11;
				GCC_DYNAMIC_NO_PIC = NO;
				GCC_NO_COMMON_BLOCKS = YES;
				GCC_OPTIMIZATION_LEVEL = 0;
				GCC_PREPROCESSOR_DEFINITIONS = (
					"DEBUG=1",
					"$(inherited)",
				);
				GCC_WARN_64_TO_32_BIT_CONVERSION = YES;
				GCC_WARN_ABOUT_RETURN_TYPE = YES_ERROR;
				GCC_WARN_UNDECLARED_SELECTOR = YES;
				GCC_WARN_UNINITIALIZED_AUTOS = YES_AGGRESSIVE;
				GCC_WARN_UNUSED_FUNCTION = YES;
				GCC_WARN_UNUSED_VARIABLE = YES;
				IPHONEOS_DEPLOYMENT_TARGET = 16.4;
				MTL_ENABLE_DEBUG_INFO = INCLUDE_SOURCE;
				MTL_FAST_MATH = YES;
				ONLY_ACTIVE_ARCH = YES;
				SDKROOT = iphoneos;
				SWIFT_ACTIVE_COMPILATION_CONDITIONS = DEBUG;
				SWIFT_OPTIMIZATION_LEVEL = "-Onone";
			};
			name = Debug;
		};
		29E61FA22A531D91002402E9 /* Release */ = {
			isa = XCBuildConfiguration;
			buildSettings = {
				ALWAYS_SEARCH_USER_PATHS = NO;
				CLANG_ANALYZER_NONNULL = YES;
				CLANG_ANALYZER_NUMBER_OBJECT_CONVERSION = YES_AGGRESSIVE;
				CLANG_CXX_LANGUAGE_STANDARD = "gnu++20";
				CLANG_ENABLE_MODULES = YES;
				CLANG_ENABLE_OBJC_ARC = YES;
				CLANG_ENABLE_OBJC_WEAK = YES;
				CLANG_WARN_BLOCK_CAPTURE_AUTORELEASING = YES;
				CLANG_WARN_BOOL_CONVERSION = YES;
				CLANG_WARN_COMMA = YES;
				CLANG_WARN_CONSTANT_CONVERSION = YES;
				CLANG_WARN_DEPRECATED_OBJC_IMPLEMENTATIONS = YES;
				CLANG_WARN_DIRECT_OBJC_ISA_USAGE = YES_ERROR;
				CLANG_WARN_DOCUMENTATION_COMMENTS = YES;
				CLANG_WARN_EMPTY_BODY = YES;
				CLANG_WARN_ENUM_CONVERSION = YES;
				CLANG_WARN_INFINITE_RECURSION = YES;
				CLANG_WARN_INT_CONVERSION = YES;
				CLANG_WARN_NON_LITERAL_NULL_CONVERSION = YES;
				CLANG_WARN_OBJC_IMPLICIT_RETAIN_SELF = YES;
				CLANG_WARN_OBJC_LITERAL_CONVERSION = YES;
				CLANG_WARN_OBJC_ROOT_CLASS = YES_ERROR;
				CLANG_WARN_QUOTED_INCLUDE_IN_FRAMEWORK_HEADER = YES;
				CLANG_WARN_RANGE_LOOP_ANALYSIS = YES;
				CLANG_WARN_STRICT_PROTOTYPES = YES;
				CLANG_WARN_SUSPICIOUS_MOVE = YES;
				CLANG_WARN_UNGUARDED_AVAILABILITY = YES_AGGRESSIVE;
				CLANG_WARN_UNREACHABLE_CODE = YES;
				CLANG_WARN__DUPLICATE_METHOD_MATCH = YES;
				COPY_PHASE_STRIP = NO;
				DEBUG_INFORMATION_FORMAT = "dwarf-with-dsym";
				ENABLE_NS_ASSERTIONS = NO;
				ENABLE_STRICT_OBJC_MSGSEND = YES;
				GCC_C_LANGUAGE_STANDARD = gnu11;
				GCC_NO_COMMON_BLOCKS = YES;
				GCC_WARN_64_TO_32_BIT_CONVERSION = YES;
				GCC_WARN_ABOUT_RETURN_TYPE = YES_ERROR;
				GCC_WARN_UNDECLARED_SELECTOR = YES;
				GCC_WARN_UNINITIALIZED_AUTOS = YES_AGGRESSIVE;
				GCC_WARN_UNUSED_FUNCTION = YES;
				GCC_WARN_UNUSED_VARIABLE = YES;
				IPHONEOS_DEPLOYMENT_TARGET = 16.4;
				MTL_ENABLE_DEBUG_INFO = NO;
				MTL_FAST_MATH = YES;
				SDKROOT = iphoneos;
				SWIFT_COMPILATION_MODE = wholemodule;
				SWIFT_OPTIMIZATION_LEVEL = "-O";
				VALIDATE_PRODUCT = YES;
			};
			name = Release;
		};
		29E61FA42A531D91002402E9 /* Debug */ = {
			isa = XCBuildConfiguration;
			buildSettings = {
				ASSETCATALOG_COMPILER_APPICON_NAME = AppIcon;
				ASSETCATALOG_COMPILER_GLOBAL_ACCENT_COLOR_NAME = AccentColor;
				CODE_SIGN_STYLE = Automatic;
				CURRENT_PROJECT_VERSION = 1;
				DEVELOPMENT_TEAM = W6HRJ6R6XG;
				GENERATE_INFOPLIST_FILE = YES;
				INFOPLIST_FILE = "WeatherCodingChallenge/Supporting Files/Info.plist";
				INFOPLIST_KEY_UIApplicationSupportsIndirectInputEvents = YES;
				INFOPLIST_KEY_UILaunchStoryboardName = LaunchScreen;
				INFOPLIST_KEY_UIMainStoryboardFile = Main;
				INFOPLIST_KEY_UISupportedInterfaceOrientations_iPad = "UIInterfaceOrientationPortrait UIInterfaceOrientationPortraitUpsideDown UIInterfaceOrientationLandscapeLeft UIInterfaceOrientationLandscapeRight";
				INFOPLIST_KEY_UISupportedInterfaceOrientations_iPhone = "UIInterfaceOrientationPortrait UIInterfaceOrientationLandscapeLeft UIInterfaceOrientationLandscapeRight";
				LD_RUNPATH_SEARCH_PATHS = (
					"$(inherited)",
					"@executable_path/Frameworks",
				);
				MARKETING_VERSION = 1.0;
				PRODUCT_BUNDLE_IDENTIFIER = com.Studio314.WeatherCodingChallenge;
				PRODUCT_NAME = "$(TARGET_NAME)";
				SWIFT_EMIT_LOC_STRINGS = YES;
				SWIFT_VERSION = 5.0;
				TARGETED_DEVICE_FAMILY = "1,2";
			};
			name = Debug;
		};
		29E61FA52A531D91002402E9 /* Release */ = {
			isa = XCBuildConfiguration;
			buildSettings = {
				ASSETCATALOG_COMPILER_APPICON_NAME = AppIcon;
				ASSETCATALOG_COMPILER_GLOBAL_ACCENT_COLOR_NAME = AccentColor;
				CODE_SIGN_STYLE = Automatic;
				CURRENT_PROJECT_VERSION = 1;
				DEVELOPMENT_TEAM = W6HRJ6R6XG;
				GENERATE_INFOPLIST_FILE = YES;
				INFOPLIST_FILE = "WeatherCodingChallenge/Supporting Files/Info.plist";
				INFOPLIST_KEY_UIApplicationSupportsIndirectInputEvents = YES;
				INFOPLIST_KEY_UILaunchStoryboardName = LaunchScreen;
				INFOPLIST_KEY_UIMainStoryboardFile = Main;
				INFOPLIST_KEY_UISupportedInterfaceOrientations_iPad = "UIInterfaceOrientationPortrait UIInterfaceOrientationPortraitUpsideDown UIInterfaceOrientationLandscapeLeft UIInterfaceOrientationLandscapeRight";
				INFOPLIST_KEY_UISupportedInterfaceOrientations_iPhone = "UIInterfaceOrientationPortrait UIInterfaceOrientationLandscapeLeft UIInterfaceOrientationLandscapeRight";
				LD_RUNPATH_SEARCH_PATHS = (
					"$(inherited)",
					"@executable_path/Frameworks",
				);
				MARKETING_VERSION = 1.0;
				PRODUCT_BUNDLE_IDENTIFIER = com.Studio314.WeatherCodingChallenge;
				PRODUCT_NAME = "$(TARGET_NAME)";
				SWIFT_EMIT_LOC_STRINGS = YES;
				SWIFT_VERSION = 5.0;
				TARGETED_DEVICE_FAMILY = "1,2";
			};
			name = Release;
		};
/* End XCBuildConfiguration section */

/* Begin XCConfigurationList section */
		29E61F8A2A531D90002402E9 /* Build configuration list for PBXProject "WeatherCodingChallenge" */ = {
			isa = XCConfigurationList;
			buildConfigurations = (
				29E61FA12A531D91002402E9 /* Debug */,
				29E61FA22A531D91002402E9 /* Release */,
			);
			defaultConfigurationIsVisible = 0;
			defaultConfigurationName = Release;
		};
		29E61FA32A531D91002402E9 /* Build configuration list for PBXNativeTarget "WeatherCodingChallenge" */ = {
			isa = XCConfigurationList;
			buildConfigurations = (
				29E61FA42A531D91002402E9 /* Debug */,
				29E61FA52A531D91002402E9 /* Release */,
			);
			defaultConfigurationIsVisible = 0;
			defaultConfigurationName = Release;
		};
/* End XCConfigurationList section */
	};
	rootObject = 29E61F872A531D90002402E9 /* Project object */;
}
